
Microsoft Visual Studio Solution File, Format Version 12.00
# Visual Studio Version 17
VisualStudioVersion = 17.2.32616.157
MinimumVisualStudioVersion = 10.0.40219.1
Project("{FAE04EC0-301F-11D3-BF4B-00C04F79EFBC}") = "Monitor_Report", "Monitor_Report\Monitor_Report.csproj", "{EB6E051E-D2FF-4A57-A5EA-C48F5FE5766D}"
EndProject
Global
	GlobalSection(SolutionConfigurationPlatforms) = preSolution
		Debug|Any CPU = Debug|Any CPU
		Release|Any CPU = Release|Any CPU
	EndGlobalSection
	GlobalSection(ProjectConfigurationPlatforms) = postSolution
		{EB6E051E-D2FF-4A57-A5EA-C48F5FE5766D}.Debug|Any CPU.ActiveCfg = Debug|Any CPU
		{EB6E051E-D2FF-4A57-A5EA-C48F5FE5766D}.Debug|Any CPU.Build.0 = Debug|Any CPU
		{EB6E051E-D2FF-4A57-A5EA-C48F5FE5766D}.Release|Any CPU.ActiveCfg = Release|Any CPU
		{EB6E051E-D2FF-4A57-A5EA-C48F5FE5766D}.Release|Any CPU.Build.0 = Release|Any CPU
	EndGlobalSection
	GlobalSection(SolutionProperties) = preSolution
		HideSolutionNode = FALSE
	EndGlobalSection
	GlobalSection(ExtensibilityGlobals) = postSolution
		SolutionGuid = {2428B746-EA5C-498E-B060-328F927A831E}
	EndGlobalSection
EndGlobal
